
Microsoft Visual Studio Solution File, Format Version 12.00
# Visual Studio Version 17
VisualStudioVersion = 17.3.32922.545
MinimumVisualStudioVersion = 10.0.40219.1
Project("{FAE04EC0-301F-11D3-BF4B-00C04F79EFBC}") = "CFBiblioteca", "CFBiblioteca.csproj", "{71B294D9-DE28-4D1E-829C-4E11834211A9}"
EndProject
Project("{FAE04EC0-301F-11D3-BF4B-00C04F79EFBC}") = "DB", "..\DB\DB.csproj", "{3BD0B11A-5C58-413C-B2AD-2C0F75DC1673}"
EndProject
Global
	GlobalSection(SolutionConfigurationPlatforms) = preSolution
		Debug|Any CPU = Debug|Any CPU
		Release|Any CPU = Release|Any CPU
	EndGlobalSection
	GlobalSection(ProjectConfigurationPlatforms) = postSolution
		{71B294D9-DE28-4D1E-829C-4E11834211A9}.Debug|Any CPU.ActiveCfg = Debug|Any CPU
		{71B294D9-DE28-4D1E-829C-4E11834211A9}.Debug|Any CPU.Build.0 = Debug|Any CPU
		{71B294D9-DE28-4D1E-829C-4E11834211A9}.Release|Any CPU.ActiveCfg = Release|Any CPU
		{71B294D9-DE28-4D1E-829C-4E11834211A9}.Release|Any CPU.Build.0 = Release|Any CPU
		{3BD0B11A-5C58-413C-B2AD-2C0F75DC1673}.Debug|Any CPU.ActiveCfg = Debug|Any CPU
		{3BD0B11A-5C58-413C-B2AD-2C0F75DC1673}.Debug|Any CPU.Build.0 = Debug|Any CPU
		{3BD0B11A-5C58-413C-B2AD-2C0F75DC1673}.Release|Any CPU.ActiveCfg = Release|Any CPU
		{3BD0B11A-5C58-413C-B2AD-2C0F75DC1673}.Release|Any CPU.Build.0 = Release|Any CPU
	EndGlobalSection
	GlobalSection(SolutionProperties) = preSolution
		HideSolutionNode = FALSE
	EndGlobalSection
	GlobalSection(ExtensibilityGlobals) = postSolution
		SolutionGuid = {F17D321F-F533-4772-A5A9-9CB17FBB26E5}
	EndGlobalSection
EndGlobal
