
Microsoft Visual Studio Solution File, Format Version 12.00
# Visual Studio Version 17
VisualStudioVersion = 17.3.32922.545
MinimumVisualStudioVersion = 10.0.40219.1
Project("{FAE04EC0-301F-11D3-BF4B-00C04F79EFBC}") = "GuiaEFDatabaseFirst", "GuiaEFDatabaseFirst.csproj", "{80141093-B9C6-42D8-98D5-931919D86D03}"
EndProject
Global
	GlobalSection(SolutionConfigurationPlatforms) = preSolution
		Debug|Any CPU = Debug|Any CPU
		Release|Any CPU = Release|Any CPU
	EndGlobalSection
	GlobalSection(ProjectConfigurationPlatforms) = postSolution
		{80141093-B9C6-42D8-98D5-931919D86D03}.Debug|Any CPU.ActiveCfg = Debug|Any CPU
		{80141093-B9C6-42D8-98D5-931919D86D03}.Debug|Any CPU.Build.0 = Debug|Any CPU
		{80141093-B9C6-42D8-98D5-931919D86D03}.Release|Any CPU.ActiveCfg = Release|Any CPU
		{80141093-B9C6-42D8-98D5-931919D86D03}.Release|Any CPU.Build.0 = Release|Any CPU
	EndGlobalSection
	GlobalSection(SolutionProperties) = preSolution
		HideSolutionNode = FALSE
	EndGlobalSection
	GlobalSection(ExtensibilityGlobals) = postSolution
		SolutionGuid = {BE2F3AA2-E655-4293-B932-EC8655713A86}
	EndGlobalSection
EndGlobal
