
Microsoft Visual Studio Solution File, Format Version 12.00
# Visual Studio Version 17
VisualStudioVersion = 17.3.32922.545
MinimumVisualStudioVersion = 10.0.40219.1
Project("{FAE04EC0-301F-11D3-BF4B-00C04F79EFBC}") = "EjemploGatos", "EjemploGatos.csproj", "{3966BE45-1CE1-4191-8F26-E8469AC36874}"
EndProject
Global
	GlobalSection(SolutionConfigurationPlatforms) = preSolution
		Debug|Any CPU = Debug|Any CPU
		Release|Any CPU = Release|Any CPU
	EndGlobalSection
	GlobalSection(ProjectConfigurationPlatforms) = postSolution
		{3966BE45-1CE1-4191-8F26-E8469AC36874}.Debug|Any CPU.ActiveCfg = Debug|Any CPU
		{3966BE45-1CE1-4191-8F26-E8469AC36874}.Debug|Any CPU.Build.0 = Debug|Any CPU
		{3966BE45-1CE1-4191-8F26-E8469AC36874}.Release|Any CPU.ActiveCfg = Release|Any CPU
		{3966BE45-1CE1-4191-8F26-E8469AC36874}.Release|Any CPU.Build.0 = Release|Any CPU
	EndGlobalSection
	GlobalSection(SolutionProperties) = preSolution
		HideSolutionNode = FALSE
	EndGlobalSection
	GlobalSection(ExtensibilityGlobals) = postSolution
		SolutionGuid = {CC39A84A-DC87-4E69-AE99-9A442724AFDB}
	EndGlobalSection
EndGlobal
