
Microsoft Visual Studio Solution File, Format Version 12.00
# Visual Studio Version 17
VisualStudioVersion = 17.3.32922.545
MinimumVisualStudioVersion = 10.0.40219.1
Project("{FAE04EC0-301F-11D3-BF4B-00C04F79EFBC}") = "CodeFirstAutomotora", "CodeFirstAutomotora.csproj", "{7210959A-58C2-4013-849E-83265D7687D5}"
EndProject
Project("{FAE04EC0-301F-11D3-BF4B-00C04F79EFBC}") = "BDAutomotora", "..\BDAutomotora\BDAutomotora.csproj", "{80439CE4-8F56-4C27-98FE-5AC76EEA985A}"
EndProject
Global
	GlobalSection(SolutionConfigurationPlatforms) = preSolution
		Debug|Any CPU = Debug|Any CPU
		Release|Any CPU = Release|Any CPU
	EndGlobalSection
	GlobalSection(ProjectConfigurationPlatforms) = postSolution
		{7210959A-58C2-4013-849E-83265D7687D5}.Debug|Any CPU.ActiveCfg = Debug|Any CPU
		{7210959A-58C2-4013-849E-83265D7687D5}.Debug|Any CPU.Build.0 = Debug|Any CPU
		{7210959A-58C2-4013-849E-83265D7687D5}.Release|Any CPU.ActiveCfg = Release|Any CPU
		{7210959A-58C2-4013-849E-83265D7687D5}.Release|Any CPU.Build.0 = Release|Any CPU
		{80439CE4-8F56-4C27-98FE-5AC76EEA985A}.Debug|Any CPU.ActiveCfg = Debug|Any CPU
		{80439CE4-8F56-4C27-98FE-5AC76EEA985A}.Debug|Any CPU.Build.0 = Debug|Any CPU
		{80439CE4-8F56-4C27-98FE-5AC76EEA985A}.Release|Any CPU.ActiveCfg = Release|Any CPU
		{80439CE4-8F56-4C27-98FE-5AC76EEA985A}.Release|Any CPU.Build.0 = Release|Any CPU
	EndGlobalSection
	GlobalSection(SolutionProperties) = preSolution
		HideSolutionNode = FALSE
	EndGlobalSection
	GlobalSection(ExtensibilityGlobals) = postSolution
		SolutionGuid = {5B9D1114-F1A8-4BFF-A98E-95CA6569330C}
	EndGlobalSection
EndGlobal
