
Microsoft Visual Studio Solution File, Format Version 12.00
# Visual Studio Version 17
VisualStudioVersion = 17.3.32922.545
MinimumVisualStudioVersion = 10.0.40219.1
Project("{FAE04EC0-301F-11D3-BF4B-00C04F79EFBC}") = "ejemplo1", "ejemplo1.csproj", "{8A08B8B2-BF4E-464D-9FB8-77DC5F0FA301}"
EndProject
Global
	GlobalSection(SolutionConfigurationPlatforms) = preSolution
		Debug|Any CPU = Debug|Any CPU
		Release|Any CPU = Release|Any CPU
	EndGlobalSection
	GlobalSection(ProjectConfigurationPlatforms) = postSolution
		{8A08B8B2-BF4E-464D-9FB8-77DC5F0FA301}.Debug|Any CPU.ActiveCfg = Debug|Any CPU
		{8A08B8B2-BF4E-464D-9FB8-77DC5F0FA301}.Debug|Any CPU.Build.0 = Debug|Any CPU
		{8A08B8B2-BF4E-464D-9FB8-77DC5F0FA301}.Release|Any CPU.ActiveCfg = Release|Any CPU
		{8A08B8B2-BF4E-464D-9FB8-77DC5F0FA301}.Release|Any CPU.Build.0 = Release|Any CPU
	EndGlobalSection
	GlobalSection(SolutionProperties) = preSolution
		HideSolutionNode = FALSE
	EndGlobalSection
	GlobalSection(ExtensibilityGlobals) = postSolution
		SolutionGuid = {FBBE30E7-71D7-44EE-BE78-5711BC308A8E}
	EndGlobalSection
EndGlobal
