
Microsoft Visual Studio Solution File, Format Version 12.00
# Visual Studio Version 17
VisualStudioVersion = 17.3.32922.545
MinimumVisualStudioVersion = 10.0.40219.1
Project("{FAE04EC0-301F-11D3-BF4B-00C04F79EFBC}") = "ejemploBasico1", "ejemploBasico1.csproj", "{0F7D3CBC-5625-4018-93DB-1D4B8522D87A}"
EndProject
Global
	GlobalSection(SolutionConfigurationPlatforms) = preSolution
		Debug|Any CPU = Debug|Any CPU
		Release|Any CPU = Release|Any CPU
	EndGlobalSection
	GlobalSection(ProjectConfigurationPlatforms) = postSolution
		{0F7D3CBC-5625-4018-93DB-1D4B8522D87A}.Debug|Any CPU.ActiveCfg = Debug|Any CPU
		{0F7D3CBC-5625-4018-93DB-1D4B8522D87A}.Debug|Any CPU.Build.0 = Debug|Any CPU
		{0F7D3CBC-5625-4018-93DB-1D4B8522D87A}.Release|Any CPU.ActiveCfg = Release|Any CPU
		{0F7D3CBC-5625-4018-93DB-1D4B8522D87A}.Release|Any CPU.Build.0 = Release|Any CPU
	EndGlobalSection
	GlobalSection(SolutionProperties) = preSolution
		HideSolutionNode = FALSE
	EndGlobalSection
	GlobalSection(ExtensibilityGlobals) = postSolution
		SolutionGuid = {01A1D6B6-9110-4432-9ABF-0EA3EC4A9509}
	EndGlobalSection
EndGlobal
